
Microsoft Visual Studio Solution File, Format Version 12.00
# Visual Studio Version 17
VisualStudioVersion = 17.13.35825.156 d17.13
MinimumVisualStudioVersion = 10.0.40219.1
Project("{FAE04EC0-301F-11D3-BF4B-00C04F79EFBC}") = "BACKEND", "BACKEND\BACKEND.csproj", "{B4218027-4C4D-40CA-9218-2A7C8166A32D}"
EndProject
Global
	GlobalSection(SolutionConfigurationPlatforms) = preSolution
		Debug|Any CPU = Debug|Any CPU
		Release|Any CPU = Release|Any CPU
	EndGlobalSection
	GlobalSection(ProjectConfigurationPlatforms) = postSolution
		{B4218027-4C4D-40CA-9218-2A7C8166A32D}.Debug|Any CPU.ActiveCfg = Debug|Any CPU
		{B4218027-4C4D-40CA-9218-2A7C8166A32D}.Debug|Any CPU.Build.0 = Debug|Any CPU
		{B4218027-4C4D-40CA-9218-2A7C8166A32D}.Release|Any CPU.ActiveCfg = Release|Any CPU
		{B4218027-4C4D-40CA-9218-2A7C8166A32D}.Release|Any CPU.Build.0 = Release|Any CPU
	EndGlobalSection
	GlobalSection(SolutionProperties) = preSolution
		HideSolutionNode = FALSE
	EndGlobalSection
	GlobalSection(ExtensibilityGlobals) = postSolution
		SolutionGuid = {830B4B5C-ED58-4D1D-B056-EF95862B7A3A}
	EndGlobalSection
EndGlobal
